// !$*UTF8*$!
{
	archiveVersion = 1;
	classes = {
	};
	objectVersion = 56;
	objects = {

/* Begin PBXBuildFile section */
		126F35D82C007FFB00D3E714 /* MainView.swift in Sources */ = {isa = PBXBuildFile; fileRef = 126F35D72C007FFB00D3E714 /* MainView.swift */; };
		126F35DA2C00811400D3E714 /* AnalyticsView.swift in Sources */ = {isa = PBXBuildFile; fileRef = 126F35D92C00811400D3E714 /* AnalyticsView.swift */; };
		126F35DC2C00814300D3E714 /* ProfileView.swift in Sources */ = {isa = PBXBuildFile; fileRef = 126F35DB2C00814300D3E714 /* ProfileView.swift */; };
		12965C402BFFB7A600FF18AF /* Transactions.swift in Sources */ = {isa = PBXBuildFile; fileRef = 12965C3F2BFFB7A600FF18AF /* Transactions.swift */; };
		1298CADD2BF743A7004FA015 /* CoordinatorPatternMVVMApp.swift in Sources */ = {isa = PBXBuildFile; fileRef = 1298CADC2BF743A7004FA015 /* CoordinatorPatternMVVMApp.swift */; };
		1298CADF2BF743A7004FA015 /* ContentView.swift in Sources */ = {isa = PBXBuildFile; fileRef = 1298CADE2BF743A7004FA015 /* ContentView.swift */; };
		1298CAE12BF743A8004FA015 /* Assets.xcassets in Resources */ = {isa = PBXBuildFile; fileRef = 1298CAE02BF743A8004FA015 /* Assets.xcassets */; };
		1298CAE42BF743A8004FA015 /* Preview Assets.xcassets in Resources */ = {isa = PBXBuildFile; fileRef = 1298CAE32BF743A8004FA015 /* Preview Assets.xcassets */; };
		1298CAEF2BF744B1004FA015 /* LoginView.swift in Sources */ = {isa = PBXBuildFile; fileRef = 1298CAEE2BF744B1004FA015 /* LoginView.swift */; };
		1298CAF12BF744CC004FA015 /* SignUpView.swift in Sources */ = {isa = PBXBuildFile; fileRef = 1298CAF02BF744CC004FA015 /* SignUpView.swift */; };
		1298CAF32BF744E0004FA015 /* ForgotPasswordView.swift in Sources */ = {isa = PBXBuildFile; fileRef = 1298CAF22BF744E0004FA015 /* ForgotPasswordView.swift */; };
		1298CAF72BF770E9004FA015 /* AuthCoordinatorProtocol.swift in Sources */ = {isa = PBXBuildFile; fileRef = 1298CAF62BF770E9004FA015 /* AuthCoordinatorProtocol.swift */; };
		1298CAF92BF7713D004FA015 /* AuthCoordinator.swift in Sources */ = {isa = PBXBuildFile; fileRef = 1298CAF82BF7713D004FA015 /* AuthCoordinator.swift */; };
		1298CAFB2BF777A9004FA015 /* TransactionsView.swift in Sources */ = {isa = PBXBuildFile; fileRef = 1298CAFA2BF777A9004FA015 /* TransactionsView.swift */; };
		1298CB002BF7B100004FA015 /* FirebaseAnalytics in Frameworks */ = {isa = PBXBuildFile; productRef = 1298CAFF2BF7B100004FA015 /* FirebaseAnalytics */; };
		1298CB022BF7B100004FA015 /* FirebaseAnalyticsWithoutAdIdSupport in Frameworks */ = {isa = PBXBuildFile; productRef = 1298CB012BF7B100004FA015 /* FirebaseAnalyticsWithoutAdIdSupport */; };
		1298CB042BF7B1F9004FA015 /* User.swift in Sources */ = {isa = PBXBuildFile; fileRef = 1298CB032BF7B1F9004FA015 /* User.swift */; };
		1298CB062BF7B517004FA015 /* FirebaseAuth in Frameworks */ = {isa = PBXBuildFile; productRef = 1298CB052BF7B517004FA015 /* FirebaseAuth */; };
		1298CB092BF7B5C1004FA015 /* AuthServices.swift in Sources */ = {isa = PBXBuildFile; fileRef = 1298CB082BF7B5C1004FA015 /* AuthServices.swift */; };
		1298CB0B2BF91FD6004FA015 /* LoginVM.swift in Sources */ = {isa = PBXBuildFile; fileRef = 1298CB0A2BF91FD6004FA015 /* LoginVM.swift */; };
		1298CB0D2BF9200D004FA015 /* SignUpVM.swift in Sources */ = {isa = PBXBuildFile; fileRef = 1298CB0C2BF9200D004FA015 /* SignUpVM.swift */; };
		1298CB0F2BF9203C004FA015 /* ForgotPasswordVM.swift in Sources */ = {isa = PBXBuildFile; fileRef = 1298CB0E2BF9203C004FA015 /* ForgotPasswordVM.swift */; };
		9DA3D1132C0C2DCD00426B56 /* GoogleService-Info.plist in Resources */ = {isa = PBXBuildFile; fileRef = 9DA3D1122C0C2DCD00426B56 /* GoogleService-Info.plist */; };
		9DF67BF92C0C312E003E0A5C /* FirebaseAnalytics in Frameworks */ = {isa = PBXBuildFile; productRef = 9DF67BF82C0C312E003E0A5C /* FirebaseAnalytics */; };
		9DF67BFB2C0C312E003E0A5C /* FirebaseAnalyticsOnDeviceConversion in Frameworks */ = {isa = PBXBuildFile; productRef = 9DF67BFA2C0C312E003E0A5C /* FirebaseAnalyticsOnDeviceConversion */; };
		9DF67BFD2C0C312E003E0A5C /* FirebaseAnalyticsSwift in Frameworks */ = {isa = PBXBuildFile; productRef = 9DF67BFC2C0C312E003E0A5C /* FirebaseAnalyticsSwift */; };
		9DF67BFF2C0C312E003E0A5C /* FirebaseAnalyticsWithoutAdIdSupport in Frameworks */ = {isa = PBXBuildFile; productRef = 9DF67BFE2C0C312E003E0A5C /* FirebaseAnalyticsWithoutAdIdSupport */; };
		9DF67C012C0C312E003E0A5C /* FirebaseAppCheck in Frameworks */ = {isa = PBXBuildFile; productRef = 9DF67C002C0C312E003E0A5C /* FirebaseAppCheck */; };
		9DF67C032C0C312E003E0A5C /* FirebaseAppDistribution-Beta in Frameworks */ = {isa = PBXBuildFile; productRef = 9DF67C022C0C312E003E0A5C /* FirebaseAppDistribution-Beta */; };
		9DF67C052C0C312E003E0A5C /* FirebaseAuth in Frameworks */ = {isa = PBXBuildFile; productRef = 9DF67C042C0C312E003E0A5C /* FirebaseAuth */; };
		9DF67C072C0C312E003E0A5C /* FirebaseAuthCombine-Community in Frameworks */ = {isa = PBXBuildFile; productRef = 9DF67C062C0C312E003E0A5C /* FirebaseAuthCombine-Community */; };
		9DF67C092C0C312E003E0A5C /* FirebaseCrashlytics in Frameworks */ = {isa = PBXBuildFile; productRef = 9DF67C082C0C312E003E0A5C /* FirebaseCrashlytics */; };
		9DF67C0B2C0C312E003E0A5C /* FirebaseDatabase in Frameworks */ = {isa = PBXBuildFile; productRef = 9DF67C0A2C0C312E003E0A5C /* FirebaseDatabase */; };
		9DF67C0D2C0C312E003E0A5C /* FirebaseDatabaseSwift in Frameworks */ = {isa = PBXBuildFile; productRef = 9DF67C0C2C0C312E003E0A5C /* FirebaseDatabaseSwift */; };
		9DF67C0F2C0C312E003E0A5C /* FirebaseDynamicLinks in Frameworks */ = {isa = PBXBuildFile; productRef = 9DF67C0E2C0C312E003E0A5C /* FirebaseDynamicLinks */; };
		9DF67C112C0C312E003E0A5C /* FirebaseFirestore in Frameworks */ = {isa = PBXBuildFile; productRef = 9DF67C102C0C312E003E0A5C /* FirebaseFirestore */; };
		9DF67C132C0C312E003E0A5C /* FirebaseFirestoreCombine-Community in Frameworks */ = {isa = PBXBuildFile; productRef = 9DF67C122C0C312E003E0A5C /* FirebaseFirestoreCombine-Community */; };
		9DF67C152C0C312E003E0A5C /* FirebaseFirestoreSwift in Frameworks */ = {isa = PBXBuildFile; productRef = 9DF67C142C0C312E003E0A5C /* FirebaseFirestoreSwift */; };
		9DF67C172C0C312E003E0A5C /* FirebaseFunctions in Frameworks */ = {isa = PBXBuildFile; productRef = 9DF67C162C0C312E003E0A5C /* FirebaseFunctions */; };
		9DF67C192C0C312E003E0A5C /* FirebaseFunctionsCombine-Community in Frameworks */ = {isa = PBXBuildFile; productRef = 9DF67C182C0C312E003E0A5C /* FirebaseFunctionsCombine-Community */; };
		9DF67C1B2C0C312E003E0A5C /* FirebaseInAppMessaging-Beta in Frameworks */ = {isa = PBXBuildFile; productRef = 9DF67C1A2C0C312E003E0A5C /* FirebaseInAppMessaging-Beta */; };
		9DF67C1D2C0C312E003E0A5C /* FirebaseInAppMessagingSwift-Beta in Frameworks */ = {isa = PBXBuildFile; productRef = 9DF67C1C2C0C312E003E0A5C /* FirebaseInAppMessagingSwift-Beta */; };
		9DF67C1F2C0C312E003E0A5C /* FirebaseInstallations in Frameworks */ = {isa = PBXBuildFile; productRef = 9DF67C1E2C0C312E003E0A5C /* FirebaseInstallations */; };
		9DF67C212C0C312E003E0A5C /* FirebaseMLModelDownloader in Frameworks */ = {isa = PBXBuildFile; productRef = 9DF67C202C0C312E003E0A5C /* FirebaseMLModelDownloader */; };
		9DF67C232C0C312E003E0A5C /* FirebaseMessaging in Frameworks */ = {isa = PBXBuildFile; productRef = 9DF67C222C0C312E003E0A5C /* FirebaseMessaging */; };
		9DF67C252C0C312E003E0A5C /* FirebasePerformance in Frameworks */ = {isa = PBXBuildFile; productRef = 9DF67C242C0C312E003E0A5C /* FirebasePerformance */; };
		9DF67C272C0C312E003E0A5C /* FirebaseRemoteConfig in Frameworks */ = {isa = PBXBuildFile; productRef = 9DF67C262C0C312E003E0A5C /* FirebaseRemoteConfig */; };
		9DF67C292C0C312E003E0A5C /* FirebaseRemoteConfigSwift in Frameworks */ = {isa = PBXBuildFile; productRef = 9DF67C282C0C312E003E0A5C /* FirebaseRemoteConfigSwift */; };
		9DF67C2B2C0C312E003E0A5C /* FirebaseStorage in Frameworks */ = {isa = PBXBuildFile; productRef = 9DF67C2A2C0C312E003E0A5C /* FirebaseStorage */; };
		9DF67C2D2C0C312E003E0A5C /* FirebaseStorageCombine-Community in Frameworks */ = {isa = PBXBuildFile; productRef = 9DF67C2C2C0C312E003E0A5C /* FirebaseStorageCombine-Community */; };
		9DF67C2F2C0C312E003E0A5C /* FirebaseVertexAI-Preview in Frameworks */ = {isa = PBXBuildFile; productRef = 9DF67C2E2C0C312E003E0A5C /* FirebaseVertexAI-Preview */; };
		9DF67C312C0C4BCC003E0A5C /* CardView.swift in Sources */ = {isa = PBXBuildFile; fileRef = 9DF67C302C0C4BCC003E0A5C /* CardView.swift */; };
		9DF67C332C0C51D5003E0A5C /* CreditCard.swift in Sources */ = {isa = PBXBuildFile; fileRef = 9DF67C322C0C51D5003E0A5C /* CreditCard.swift */; };
		9DF67C352C0C5298003E0A5C /* CreditCardViewModel.swift in Sources */ = {isa = PBXBuildFile; fileRef = 9DF67C342C0C5298003E0A5C /* CreditCardViewModel.swift */; };
		9DF67C372C0C5D80003E0A5C /* HomeView.swift in Sources */ = {isa = PBXBuildFile; fileRef = 9DF67C362C0C5D80003E0A5C /* HomeView.swift */; };
/* End PBXBuildFile section */

/* Begin PBXFileReference section */
		126F35D72C007FFB00D3E714 /* MainView.swift */ = {isa = PBXFileReference; lastKnownFileType = sourcecode.swift; path = MainView.swift; sourceTree = "<group>"; };
		126F35D92C00811400D3E714 /* AnalyticsView.swift */ = {isa = PBXFileReference; lastKnownFileType = sourcecode.swift; path = AnalyticsView.swift; sourceTree = "<group>"; };
		126F35DB2C00814300D3E714 /* ProfileView.swift */ = {isa = PBXFileReference; lastKnownFileType = sourcecode.swift; path = ProfileView.swift; sourceTree = "<group>"; };
		12965C3F2BFFB7A600FF18AF /* Transactions.swift */ = {isa = PBXFileReference; lastKnownFileType = sourcecode.swift; path = Transactions.swift; sourceTree = "<group>"; };
		1298CAD92BF743A7004FA015 /* CoordinatorPatternMVVM.app */ = {isa = PBXFileReference; explicitFileType = wrapper.application; includeInIndex = 0; path = CoordinatorPatternMVVM.app; sourceTree = BUILT_PRODUCTS_DIR; };
		1298CADC2BF743A7004FA015 /* CoordinatorPatternMVVMApp.swift */ = {isa = PBXFileReference; lastKnownFileType = sourcecode.swift; path = CoordinatorPatternMVVMApp.swift; sourceTree = "<group>"; };
		1298CADE2BF743A7004FA015 /* ContentView.swift */ = {isa = PBXFileReference; lastKnownFileType = sourcecode.swift; path = ContentView.swift; sourceTree = "<group>"; };
		1298CAE02BF743A8004FA015 /* Assets.xcassets */ = {isa = PBXFileReference; lastKnownFileType = folder.assetcatalog; path = Assets.xcassets; sourceTree = "<group>"; };
		1298CAE32BF743A8004FA015 /* Preview Assets.xcassets */ = {isa = PBXFileReference; lastKnownFileType = folder.assetcatalog; path = "Preview Assets.xcassets"; sourceTree = "<group>"; };
		1298CAEE2BF744B1004FA015 /* LoginView.swift */ = {isa = PBXFileReference; lastKnownFileType = sourcecode.swift; path = LoginView.swift; sourceTree = "<group>"; };
		1298CAF02BF744CC004FA015 /* SignUpView.swift */ = {isa = PBXFileReference; lastKnownFileType = sourcecode.swift; path = SignUpView.swift; sourceTree = "<group>"; };
		1298CAF22BF744E0004FA015 /* ForgotPasswordView.swift */ = {isa = PBXFileReference; lastKnownFileType = sourcecode.swift; path = ForgotPasswordView.swift; sourceTree = "<group>"; };
		1298CAF62BF770E9004FA015 /* AuthCoordinatorProtocol.swift */ = {isa = PBXFileReference; lastKnownFileType = sourcecode.swift; path = AuthCoordinatorProtocol.swift; sourceTree = "<group>"; };
		1298CAF82BF7713D004FA015 /* AuthCoordinator.swift */ = {isa = PBXFileReference; lastKnownFileType = sourcecode.swift; path = AuthCoordinator.swift; sourceTree = "<group>"; };
		1298CAFA2BF777A9004FA015 /* TransactionsView.swift */ = {isa = PBXFileReference; lastKnownFileType = sourcecode.swift; path = TransactionsView.swift; sourceTree = "<group>"; };
		1298CB032BF7B1F9004FA015 /* User.swift */ = {isa = PBXFileReference; lastKnownFileType = sourcecode.swift; path = User.swift; sourceTree = "<group>"; };
		1298CB082BF7B5C1004FA015 /* AuthServices.swift */ = {isa = PBXFileReference; lastKnownFileType = sourcecode.swift; path = AuthServices.swift; sourceTree = "<group>"; };
		1298CB0A2BF91FD6004FA015 /* LoginVM.swift */ = {isa = PBXFileReference; lastKnownFileType = sourcecode.swift; path = LoginVM.swift; sourceTree = "<group>"; };
		1298CB0C2BF9200D004FA015 /* SignUpVM.swift */ = {isa = PBXFileReference; lastKnownFileType = sourcecode.swift; path = SignUpVM.swift; sourceTree = "<group>"; };
		1298CB0E2BF9203C004FA015 /* ForgotPasswordVM.swift */ = {isa = PBXFileReference; lastKnownFileType = sourcecode.swift; path = ForgotPasswordVM.swift; sourceTree = "<group>"; };
		9DA3D1122C0C2DCD00426B56 /* GoogleService-Info.plist */ = {isa = PBXFileReference; fileEncoding = 4; lastKnownFileType = text.plist.xml; name = "GoogleService-Info.plist"; path = "../../../Downloads/GoogleService-Info.plist"; sourceTree = "<group>"; };
		9DF67C302C0C4BCC003E0A5C /* CardView.swift */ = {isa = PBXFileReference; lastKnownFileType = sourcecode.swift; path = CardView.swift; sourceTree = "<group>"; };
		9DF67C322C0C51D5003E0A5C /* CreditCard.swift */ = {isa = PBXFileReference; lastKnownFileType = sourcecode.swift; path = CreditCard.swift; sourceTree = "<group>"; };
		9DF67C342C0C5298003E0A5C /* CreditCardViewModel.swift */ = {isa = PBXFileReference; lastKnownFileType = sourcecode.swift; path = CreditCardViewModel.swift; sourceTree = "<group>"; };
		9DF67C362C0C5D80003E0A5C /* HomeView.swift */ = {isa = PBXFileReference; lastKnownFileType = sourcecode.swift; path = HomeView.swift; sourceTree = "<group>"; };
/* End PBXFileReference section */

/* Begin PBXFrameworksBuildPhase section */
		1298CAD62BF743A7004FA015 /* Frameworks */ = {
			isa = PBXFrameworksBuildPhase;
			buildActionMask = 2147483647;
			files = (
				9DF67C1D2C0C312E003E0A5C /* FirebaseInAppMessagingSwift-Beta in Frameworks */,
				9DF67C0D2C0C312E003E0A5C /* FirebaseDatabaseSwift in Frameworks */,
				9DF67C0B2C0C312E003E0A5C /* FirebaseDatabase in Frameworks */,
				9DF67C212C0C312E003E0A5C /* FirebaseMLModelDownloader in Frameworks */,
				9DF67C012C0C312E003E0A5C /* FirebaseAppCheck in Frameworks */,
				9DF67C192C0C312E003E0A5C /* FirebaseFunctionsCombine-Community in Frameworks */,
				9DF67C1F2C0C312E003E0A5C /* FirebaseInstallations in Frameworks */,
				9DF67C232C0C312E003E0A5C /* FirebaseMessaging in Frameworks */,
				9DF67C052C0C312E003E0A5C /* FirebaseAuth in Frameworks */,
				9DF67C272C0C312E003E0A5C /* FirebaseRemoteConfig in Frameworks */,
				9DF67BFD2C0C312E003E0A5C /* FirebaseAnalyticsSwift in Frameworks */,
				9DF67C2B2C0C312E003E0A5C /* FirebaseStorage in Frameworks */,
				9DF67C252C0C312E003E0A5C /* FirebasePerformance in Frameworks */,
				9DF67C112C0C312E003E0A5C /* FirebaseFirestore in Frameworks */,
				9DF67C2F2C0C312E003E0A5C /* FirebaseVertexAI-Preview in Frameworks */,
				1298CB002BF7B100004FA015 /* FirebaseAnalytics in Frameworks */,
				9DF67C1B2C0C312E003E0A5C /* FirebaseInAppMessaging-Beta in Frameworks */,
				1298CB062BF7B517004FA015 /* FirebaseAuth in Frameworks */,
				9DF67BFB2C0C312E003E0A5C /* FirebaseAnalyticsOnDeviceConversion in Frameworks */,
				9DF67C292C0C312E003E0A5C /* FirebaseRemoteConfigSwift in Frameworks */,
				9DF67C072C0C312E003E0A5C /* FirebaseAuthCombine-Community in Frameworks */,
				9DF67C172C0C312E003E0A5C /* FirebaseFunctions in Frameworks */,
				9DF67BFF2C0C312E003E0A5C /* FirebaseAnalyticsWithoutAdIdSupport in Frameworks */,
				9DF67C2D2C0C312E003E0A5C /* FirebaseStorageCombine-Community in Frameworks */,
				9DF67C132C0C312E003E0A5C /* FirebaseFirestoreCombine-Community in Frameworks */,
				9DF67BF92C0C312E003E0A5C /* FirebaseAnalytics in Frameworks */,
				9DF67C092C0C312E003E0A5C /* FirebaseCrashlytics in Frameworks */,
				1298CB022BF7B100004FA015 /* FirebaseAnalyticsWithoutAdIdSupport in Frameworks */,
				9DF67C032C0C312E003E0A5C /* FirebaseAppDistribution-Beta in Frameworks */,
				9DF67C0F2C0C312E003E0A5C /* FirebaseDynamicLinks in Frameworks */,
				9DF67C152C0C312E003E0A5C /* FirebaseFirestoreSwift in Frameworks */,
			);
			runOnlyForDeploymentPostprocessing = 0;
		};
/* End PBXFrameworksBuildPhase section */

/* Begin PBXGroup section */
		1298CAD02BF743A6004FA015 = {
			isa = PBXGroup;
			children = (
				1298CADB2BF743A7004FA015 /* CoordinatorPatternMVVM */,
				1298CADA2BF743A7004FA015 /* Products */,
			);
			sourceTree = "<group>";
		};
		1298CADA2BF743A7004FA015 /* Products */ = {
			isa = PBXGroup;
			children = (
				1298CAD92BF743A7004FA015 /* CoordinatorPatternMVVM.app */,
			);
			name = Products;
			sourceTree = "<group>";
		};
		1298CADB2BF743A7004FA015 /* CoordinatorPatternMVVM */ = {
			isa = PBXGroup;
			children = (
				1298CB072BF7B5AE004FA015 /* Services */,
				1298CAED2BF7448C004FA015 /* Coordinator */,
				1298CAEC2BF74468004FA015 /* Models */,
				1298CAEB2BF7445D004FA015 /* ModelViews */,
				1298CAEA2BF74451004FA015 /* Views */,
				1298CADC2BF743A7004FA015 /* CoordinatorPatternMVVMApp.swift */,
				1298CADE2BF743A7004FA015 /* ContentView.swift */,
				1298CAE02BF743A8004FA015 /* Assets.xcassets */,
				9DA3D1122C0C2DCD00426B56 /* GoogleService-Info.plist */,
				1298CAE22BF743A8004FA015 /* Preview Content */,
			);
			path = CoordinatorPatternMVVM;
			sourceTree = "<group>";
		};
		1298CAE22BF743A8004FA015 /* Preview Content */ = {
			isa = PBXGroup;
			children = (
				1298CAE32BF743A8004FA015 /* Preview Assets.xcassets */,
			);
			path = "Preview Content";
			sourceTree = "<group>";
		};
		1298CAEA2BF74451004FA015 /* Views */ = {
			isa = PBXGroup;
			children = (
				9D078D4D2C183586001910A8 /* ProfileComp */,
				9D078D4C2C183573001910A8 /* AnalyticsComp */,
				1298CAEE2BF744B1004FA015 /* LoginView.swift */,
				1298CAF02BF744CC004FA015 /* SignUpView.swift */,
				1298CAF22BF744E0004FA015 /* ForgotPasswordView.swift */,
				1298CAFA2BF777A9004FA015 /* TransactionsView.swift */,
				126F35D72C007FFB00D3E714 /* MainView.swift */,
				126F35D92C00811400D3E714 /* AnalyticsView.swift */,
				126F35DB2C00814300D3E714 /* ProfileView.swift */,
				9DF67C302C0C4BCC003E0A5C /* CardView.swift */,
				9DF67C362C0C5D80003E0A5C /* HomeView.swift */,
			);
			path = Views;
			sourceTree = "<group>";
		};
		1298CAEB2BF7445D004FA015 /* ModelViews */ = {
			isa = PBXGroup;
			children = (
				1298CB0A2BF91FD6004FA015 /* LoginVM.swift */,
				1298CB0C2BF9200D004FA015 /* SignUpVM.swift */,
				1298CB0E2BF9203C004FA015 /* ForgotPasswordVM.swift */,
				9DF67C342C0C5298003E0A5C /* CreditCardViewModel.swift */,
			);
			path = ModelViews;
			sourceTree = "<group>";
		};
		1298CAEC2BF74468004FA015 /* Models */ = {
			isa = PBXGroup;
			children = (
				1298CB032BF7B1F9004FA015 /* User.swift */,
				12965C3F2BFFB7A600FF18AF /* Transactions.swift */,
				9DF67C322C0C51D5003E0A5C /* CreditCard.swift */,
			);
			path = Models;
			sourceTree = "<group>";
		};
		1298CAED2BF7448C004FA015 /* Coordinator */ = {
			isa = PBXGroup;
			children = (
				1298CAF62BF770E9004FA015 /* AuthCoordinatorProtocol.swift */,
				1298CAF82BF7713D004FA015 /* AuthCoordinator.swift */,
			);
			path = Coordinator;
			sourceTree = "<group>";
		};
		1298CB072BF7B5AE004FA015 /* Services */ = {
			isa = PBXGroup;
			children = (
				1298CB082BF7B5C1004FA015 /* AuthServices.swift */,
			);
			path = Services;
			sourceTree = "<group>";
		};
		9D078D4C2C183573001910A8 /* AnalyticsComp */ = {
			isa = PBXGroup;
			children = (
			);
			path = AnalyticsComp;
			sourceTree = "<group>";
		};
		9D078D4D2C183586001910A8 /* ProfileComp */ = {
			isa = PBXGroup;
			children = (
			);
			path = ProfileComp;
			sourceTree = "<group>";
		};
/* End PBXGroup section */

/* Begin PBXNativeTarget section */
		1298CAD82BF743A7004FA015 /* CoordinatorPatternMVVM */ = {
			isa = PBXNativeTarget;
			buildConfigurationList = 1298CAE72BF743A8004FA015 /* Build configuration list for PBXNativeTarget "CoordinatorPatternMVVM" */;
			buildPhases = (
				1298CAD52BF743A7004FA015 /* Sources */,
				1298CAD62BF743A7004FA015 /* Frameworks */,
				1298CAD72BF743A7004FA015 /* Resources */,
			);
			buildRules = (
			);
			dependencies = (
			);
			name = CoordinatorPatternMVVM;
			packageProductDependencies = (
				1298CAFF2BF7B100004FA015 /* FirebaseAnalytics */,
				1298CB012BF7B100004FA015 /* FirebaseAnalyticsWithoutAdIdSupport */,
				1298CB052BF7B517004FA015 /* FirebaseAuth */,
				9DF67BF82C0C312E003E0A5C /* FirebaseAnalytics */,
				9DF67BFA2C0C312E003E0A5C /* FirebaseAnalyticsOnDeviceConversion */,
				9DF67BFC2C0C312E003E0A5C /* FirebaseAnalyticsSwift */,
				9DF67BFE2C0C312E003E0A5C /* FirebaseAnalyticsWithoutAdIdSupport */,
				9DF67C002C0C312E003E0A5C /* FirebaseAppCheck */,
				9DF67C022C0C312E003E0A5C /* FirebaseAppDistribution-Beta */,
				9DF67C042C0C312E003E0A5C /* FirebaseAuth */,
				9DF67C062C0C312E003E0A5C /* FirebaseAuthCombine-Community */,
				9DF67C082C0C312E003E0A5C /* FirebaseCrashlytics */,
				9DF67C0A2C0C312E003E0A5C /* FirebaseDatabase */,
				9DF67C0C2C0C312E003E0A5C /* FirebaseDatabaseSwift */,
				9DF67C0E2C0C312E003E0A5C /* FirebaseDynamicLinks */,
				9DF67C102C0C312E003E0A5C /* FirebaseFirestore */,
				9DF67C122C0C312E003E0A5C /* FirebaseFirestoreCombine-Community */,
				9DF67C142C0C312E003E0A5C /* FirebaseFirestoreSwift */,
				9DF67C162C0C312E003E0A5C /* FirebaseFunctions */,
				9DF67C182C0C312E003E0A5C /* FirebaseFunctionsCombine-Community */,
				9DF67C1A2C0C312E003E0A5C /* FirebaseInAppMessaging-Beta */,
				9DF67C1C2C0C312E003E0A5C /* FirebaseInAppMessagingSwift-Beta */,
				9DF67C1E2C0C312E003E0A5C /* FirebaseInstallations */,
				9DF67C202C0C312E003E0A5C /* FirebaseMLModelDownloader */,
				9DF67C222C0C312E003E0A5C /* FirebaseMessaging */,
				9DF67C242C0C312E003E0A5C /* FirebasePerformance */,
				9DF67C262C0C312E003E0A5C /* FirebaseRemoteConfig */,
				9DF67C282C0C312E003E0A5C /* FirebaseRemoteConfigSwift */,
				9DF67C2A2C0C312E003E0A5C /* FirebaseStorage */,
				9DF67C2C2C0C312E003E0A5C /* FirebaseStorageCombine-Community */,
				9DF67C2E2C0C312E003E0A5C /* FirebaseVertexAI-Preview */,
			);
			productName = CoordinatorPatternMVVM;
			productReference = 1298CAD92BF743A7004FA015 /* CoordinatorPatternMVVM.app */;
			productType = "com.apple.product-type.application";
		};
/* End PBXNativeTarget section */

/* Begin PBXProject section */
		1298CAD12BF743A6004FA015 /* Project object */ = {
			isa = PBXProject;
			attributes = {
				BuildIndependentTargetsInParallel = 1;
				LastSwiftUpdateCheck = 1540;
				LastUpgradeCheck = 1540;
				TargetAttributes = {
					1298CAD82BF743A7004FA015 = {
						CreatedOnToolsVersion = 15.4;
					};
				};
			};
			buildConfigurationList = 1298CAD42BF743A6004FA015 /* Build configuration list for PBXProject "CoordinatorPatternMVVM" */;
			compatibilityVersion = "Xcode 14.0";
			developmentRegion = en;
			hasScannedForEncodings = 0;
			knownRegions = (
				en,
				Base,
			);
			mainGroup = 1298CAD02BF743A6004FA015;
			packageReferences = (
				1298CAFE2BF7B100004FA015 /* XCRemoteSwiftPackageReference "firebase-ios-sdk" */,
			);
			productRefGroup = 1298CADA2BF743A7004FA015 /* Products */;
			projectDirPath = "";
			projectRoot = "";
			targets = (
				1298CAD82BF743A7004FA015 /* CoordinatorPatternMVVM */,
			);
		};
/* End PBXProject section */

/* Begin PBXResourcesBuildPhase section */
		1298CAD72BF743A7004FA015 /* Resources */ = {
			isa = PBXResourcesBuildPhase;
			buildActionMask = 2147483647;
			files = (
				1298CAE42BF743A8004FA015 /* Preview Assets.xcassets in Resources */,
				1298CAE12BF743A8004FA015 /* Assets.xcassets in Resources */,
				9DA3D1132C0C2DCD00426B56 /* GoogleService-Info.plist in Resources */,
			);
			runOnlyForDeploymentPostprocessing = 0;
		};
/* End PBXResourcesBuildPhase section */

/* Begin PBXSourcesBuildPhase section */
		1298CAD52BF743A7004FA015 /* Sources */ = {
			isa = PBXSourcesBuildPhase;
			buildActionMask = 2147483647;
			files = (
				1298CAF12BF744CC004FA015 /* SignUpView.swift in Sources */,
				126F35DA2C00811400D3E714 /* AnalyticsView.swift in Sources */,
				9DF67C332C0C51D5003E0A5C /* CreditCard.swift in Sources */,
				1298CB0B2BF91FD6004FA015 /* LoginVM.swift in Sources */,
				12965C402BFFB7A600FF18AF /* Transactions.swift in Sources */,
				1298CAFB2BF777A9004FA015 /* TransactionsView.swift in Sources */,
				1298CAEF2BF744B1004FA015 /* LoginView.swift in Sources */,
				1298CADF2BF743A7004FA015 /* ContentView.swift in Sources */,
				1298CB0F2BF9203C004FA015 /* ForgotPasswordVM.swift in Sources */,
				1298CADD2BF743A7004FA015 /* CoordinatorPatternMVVMApp.swift in Sources */,
				126F35DC2C00814300D3E714 /* ProfileView.swift in Sources */,
				9DF67C312C0C4BCC003E0A5C /* CardView.swift in Sources */,
				1298CB092BF7B5C1004FA015 /* AuthServices.swift in Sources */,
				9DF67C352C0C5298003E0A5C /* CreditCardViewModel.swift in Sources */,
				1298CB042BF7B1F9004FA015 /* User.swift in Sources */,
				9DF67C372C0C5D80003E0A5C /* HomeView.swift in Sources */,
				1298CAF92BF7713D004FA015 /* AuthCoordinator.swift in Sources */,
				1298CAF72BF770E9004FA015 /* AuthCoordinatorProtocol.swift in Sources */,
				1298CB0D2BF9200D004FA015 /* SignUpVM.swift in Sources */,
				1298CAF32BF744E0004FA015 /* ForgotPasswordView.swift in Sources */,
				126F35D82C007FFB00D3E714 /* MainView.swift in Sources */,
			);
			runOnlyForDeploymentPostprocessing = 0;
		};
/* End PBXSourcesBuildPhase section */

/* Begin XCBuildConfiguration section */
		1298CAE52BF743A8004FA015 /* Debug */ = {
			isa = XCBuildConfiguration;
			buildSettings = {
				ALWAYS_SEARCH_USER_PATHS = NO;
				ASSETCATALOG_COMPILER_GENERATE_SWIFT_ASSET_SYMBOL_EXTENSIONS = YES;
				CLANG_ANALYZER_NONNULL = YES;
				CLANG_ANALYZER_NUMBER_OBJECT_CONVERSION = YES_AGGRESSIVE;
				CLANG_CXX_LANGUAGE_STANDARD = "gnu++20";
				CLANG_ENABLE_MODULES = YES;
				CLANG_ENABLE_OBJC_ARC = YES;
				CLANG_ENABLE_OBJC_WEAK = YES;
				CLANG_WARN_BLOCK_CAPTURE_AUTORELEASING = YES;
				CLANG_WARN_BOOL_CONVERSION = YES;
				CLANG_WARN_COMMA = YES;
				CLANG_WARN_CONSTANT_CONVERSION = YES;
				CLANG_WARN_DEPRECATED_OBJC_IMPLEMENTATIONS = YES;
				CLANG_WARN_DIRECT_OBJC_ISA_USAGE = YES_ERROR;
				CLANG_WARN_DOCUMENTATION_COMMENTS = YES;
				CLANG_WARN_EMPTY_BODY = YES;
				CLANG_WARN_ENUM_CONVERSION = YES;
				CLANG_WARN_INFINITE_RECURSION = YES;
				CLANG_WARN_INT_CONVERSION = YES;
				CLANG_WARN_NON_LITERAL_NULL_CONVERSION = YES;
				CLANG_WARN_OBJC_IMPLICIT_RETAIN_SELF = YES;
				CLANG_WARN_OBJC_LITERAL_CONVERSION = YES;
				CLANG_WARN_OBJC_ROOT_CLASS = YES_ERROR;
				CLANG_WARN_QUOTED_INCLUDE_IN_FRAMEWORK_HEADER = YES;
				CLANG_WARN_RANGE_LOOP_ANALYSIS = YES;
				CLANG_WARN_STRICT_PROTOTYPES = YES;
				CLANG_WARN_SUSPICIOUS_MOVE = YES;
				CLANG_WARN_UNGUARDED_AVAILABILITY = YES_AGGRESSIVE;
				CLANG_WARN_UNREACHABLE_CODE = YES;
				CLANG_WARN__DUPLICATE_METHOD_MATCH = YES;
				COPY_PHASE_STRIP = NO;
				DEBUG_INFORMATION_FORMAT = dwarf;
				ENABLE_STRICT_OBJC_MSGSEND = YES;
				ENABLE_TESTABILITY = YES;
				ENABLE_USER_SCRIPT_SANDBOXING = YES;
				GCC_C_LANGUAGE_STANDARD = gnu17;
				GCC_DYNAMIC_NO_PIC = NO;
				GCC_NO_COMMON_BLOCKS = YES;
				GCC_OPTIMIZATION_LEVEL = 0;
				GCC_PREPROCESSOR_DEFINITIONS = (
					"DEBUG=1",
					"$(inherited)",
				);
				GCC_WARN_64_TO_32_BIT_CONVERSION = YES;
				GCC_WARN_ABOUT_RETURN_TYPE = YES_ERROR;
				GCC_WARN_UNDECLARED_SELECTOR = YES;
				GCC_WARN_UNINITIALIZED_AUTOS = YES_AGGRESSIVE;
				GCC_WARN_UNUSED_FUNCTION = YES;
				GCC_WARN_UNUSED_VARIABLE = YES;
				IPHONEOS_DEPLOYMENT_TARGET = 17.5;
				LOCALIZATION_PREFERS_STRING_CATALOGS = YES;
				MTL_ENABLE_DEBUG_INFO = INCLUDE_SOURCE;
				MTL_FAST_MATH = YES;
				ONLY_ACTIVE_ARCH = YES;
				SDKROOT = iphoneos;
				SWIFT_ACTIVE_COMPILATION_CONDITIONS = "DEBUG $(inherited)";
				SWIFT_OPTIMIZATION_LEVEL = "-Onone";
			};
			name = Debug;
		};
		1298CAE62BF743A8004FA015 /* Release */ = {
			isa = XCBuildConfiguration;
			buildSettings = {
				ALWAYS_SEARCH_USER_PATHS = NO;
				ASSETCATALOG_COMPILER_GENERATE_SWIFT_ASSET_SYMBOL_EXTENSIONS = YES;
				CLANG_ANALYZER_NONNULL = YES;
				CLANG_ANALYZER_NUMBER_OBJECT_CONVERSION = YES_AGGRESSIVE;
				CLANG_CXX_LANGUAGE_STANDARD = "gnu++20";
				CLANG_ENABLE_MODULES = YES;
				CLANG_ENABLE_OBJC_ARC = YES;
				CLANG_ENABLE_OBJC_WEAK = YES;
				CLANG_WARN_BLOCK_CAPTURE_AUTORELEASING = YES;
				CLANG_WARN_BOOL_CONVERSION = YES;
				CLANG_WARN_COMMA = YES;
				CLANG_WARN_CONSTANT_CONVERSION = YES;
				CLANG_WARN_DEPRECATED_OBJC_IMPLEMENTATIONS = YES;
				CLANG_WARN_DIRECT_OBJC_ISA_USAGE = YES_ERROR;
				CLANG_WARN_DOCUMENTATION_COMMENTS = YES;
				CLANG_WARN_EMPTY_BODY = YES;
				CLANG_WARN_ENUM_CONVERSION = YES;
				CLANG_WARN_INFINITE_RECURSION = YES;
				CLANG_WARN_INT_CONVERSION = YES;
				CLANG_WARN_NON_LITERAL_NULL_CONVERSION = YES;
				CLANG_WARN_OBJC_IMPLICIT_RETAIN_SELF = YES;
				CLANG_WARN_OBJC_LITERAL_CONVERSION = YES;
				CLANG_WARN_OBJC_ROOT_CLASS = YES_ERROR;
				CLANG_WARN_QUOTED_INCLUDE_IN_FRAMEWORK_HEADER = YES;
				CLANG_WARN_RANGE_LOOP_ANALYSIS = YES;
				CLANG_WARN_STRICT_PROTOTYPES = YES;
				CLANG_WARN_SUSPICIOUS_MOVE = YES;
				CLANG_WARN_UNGUARDED_AVAILABILITY = YES_AGGRESSIVE;
				CLANG_WARN_UNREACHABLE_CODE = YES;
				CLANG_WARN__DUPLICATE_METHOD_MATCH = YES;
				COPY_PHASE_STRIP = NO;
				DEBUG_INFORMATION_FORMAT = "dwarf-with-dsym";
				ENABLE_NS_ASSERTIONS = NO;
				ENABLE_STRICT_OBJC_MSGSEND = YES;
				ENABLE_USER_SCRIPT_SANDBOXING = YES;
				GCC_C_LANGUAGE_STANDARD = gnu17;
				GCC_NO_COMMON_BLOCKS = YES;
				GCC_WARN_64_TO_32_BIT_CONVERSION = YES;
				GCC_WARN_ABOUT_RETURN_TYPE = YES_ERROR;
				GCC_WARN_UNDECLARED_SELECTOR = YES;
				GCC_WARN_UNINITIALIZED_AUTOS = YES_AGGRESSIVE;
				GCC_WARN_UNUSED_FUNCTION = YES;
				GCC_WARN_UNUSED_VARIABLE = YES;
				IPHONEOS_DEPLOYMENT_TARGET = 17.5;
				LOCALIZATION_PREFERS_STRING_CATALOGS = YES;
				MTL_ENABLE_DEBUG_INFO = NO;
				MTL_FAST_MATH = YES;
				SDKROOT = iphoneos;
				SWIFT_COMPILATION_MODE = wholemodule;
				VALIDATE_PRODUCT = YES;
			};
			name = Release;
		};
		1298CAE82BF743A8004FA015 /* Debug */ = {
			isa = XCBuildConfiguration;
			buildSettings = {
				ASSETCATALOG_COMPILER_APPICON_NAME = AppIcon;
				ASSETCATALOG_COMPILER_GLOBAL_ACCENT_COLOR_NAME = AccentColor;
				CODE_SIGN_STYLE = Automatic;
				CURRENT_PROJECT_VERSION = 1;
				DEVELOPMENT_ASSET_PATHS = "\"CoordinatorPatternMVVM/Preview Content\"";
				ENABLE_PREVIEWS = YES;
				GENERATE_INFOPLIST_FILE = YES;
				INFOPLIST_KEY_UIApplicationSceneManifest_Generation = YES;
				INFOPLIST_KEY_UIApplicationSupportsIndirectInputEvents = YES;
				INFOPLIST_KEY_UILaunchScreen_Generation = YES;
				INFOPLIST_KEY_UISupportedInterfaceOrientations_iPad = "UIInterfaceOrientationPortrait UIInterfaceOrientationPortraitUpsideDown UIInterfaceOrientationLandscapeLeft UIInterfaceOrientationLandscapeRight";
				INFOPLIST_KEY_UISupportedInterfaceOrientations_iPhone = "UIInterfaceOrientationPortrait UIInterfaceOrientationLandscapeLeft UIInterfaceOrientationLandscapeRight";
				IPHONEOS_DEPLOYMENT_TARGET = 16.0;
				LD_RUNPATH_SEARCH_PATHS = (
					"$(inherited)",
					"@executable_path/Frameworks",
				);
				MARKETING_VERSION = 1.0;
				PRODUCT_BUNDLE_IDENTIFIER = knowledge.engagement.CoordinatorPatternMVVM;
				PRODUCT_NAME = "$(TARGET_NAME)";
				SWIFT_EMIT_LOC_STRINGS = YES;
				SWIFT_VERSION = 5.0;
				TARGETED_DEVICE_FAMILY = "1,2";
			};
			name = Debug;
		};
		1298CAE92BF743A8004FA015 /* Release */ = {
			isa = XCBuildConfiguration;
			buildSettings = {
				ASSETCATALOG_COMPILER_APPICON_NAME = AppIcon;
				ASSETCATALOG_COMPILER_GLOBAL_ACCENT_COLOR_NAME = AccentColor;
				CODE_SIGN_STYLE = Automatic;
				CURRENT_PROJECT_VERSION = 1;
				DEVELOPMENT_ASSET_PATHS = "\"CoordinatorPatternMVVM/Preview Content\"";
				ENABLE_PREVIEWS = YES;
				GENERATE_INFOPLIST_FILE = YES;
				INFOPLIST_KEY_UIApplicationSceneManifest_Generation = YES;
				INFOPLIST_KEY_UIApplicationSupportsIndirectInputEvents = YES;
				INFOPLIST_KEY_UILaunchScreen_Generation = YES;
				INFOPLIST_KEY_UISupportedInterfaceOrientations_iPad = "UIInterfaceOrientationPortrait UIInterfaceOrientationPortraitUpsideDown UIInterfaceOrientationLandscapeLeft UIInterfaceOrientationLandscapeRight";
				INFOPLIST_KEY_UISupportedInterfaceOrientations_iPhone = "UIInterfaceOrientationPortrait UIInterfaceOrientationLandscapeLeft UIInterfaceOrientationLandscapeRight";
				IPHONEOS_DEPLOYMENT_TARGET = 16.0;
				LD_RUNPATH_SEARCH_PATHS = (
					"$(inherited)",
					"@executable_path/Frameworks",
				);
				MARKETING_VERSION = 1.0;
				PRODUCT_BUNDLE_IDENTIFIER = knowledge.engagement.CoordinatorPatternMVVM;
				PRODUCT_NAME = "$(TARGET_NAME)";
				SWIFT_EMIT_LOC_STRINGS = YES;
				SWIFT_VERSION = 5.0;
				TARGETED_DEVICE_FAMILY = "1,2";
			};
			name = Release;
		};
/* End XCBuildConfiguration section */

/* Begin XCConfigurationList section */
		1298CAD42BF743A6004FA015 /* Build configuration list for PBXProject "CoordinatorPatternMVVM" */ = {
			isa = XCConfigurationList;
			buildConfigurations = (
				1298CAE52BF743A8004FA015 /* Debug */,
				1298CAE62BF743A8004FA015 /* Release */,
			);
			defaultConfigurationIsVisible = 0;
			defaultConfigurationName = Release;
		};
		1298CAE72BF743A8004FA015 /* Build configuration list for PBXNativeTarget "CoordinatorPatternMVVM" */ = {
			isa = XCConfigurationList;
			buildConfigurations = (
				1298CAE82BF743A8004FA015 /* Debug */,
				1298CAE92BF743A8004FA015 /* Release */,
			);
			defaultConfigurationIsVisible = 0;
			defaultConfigurationName = Release;
		};
/* End XCConfigurationList section */

/* Begin XCRemoteSwiftPackageReference section */
		1298CAFE2BF7B100004FA015 /* XCRemoteSwiftPackageReference "firebase-ios-sdk" */ = {
			isa = XCRemoteSwiftPackageReference;
			repositoryURL = "https://github.com/firebase/firebase-ios-sdk";
			requirement = {
				kind = upToNextMajorVersion;
				minimumVersion = 10.26.0;
			};
		};
/* End XCRemoteSwiftPackageReference section */

/* Begin XCSwiftPackageProductDependency section */
		1298CAFF2BF7B100004FA015 /* FirebaseAnalytics */ = {
			isa = XCSwiftPackageProductDependency;
			package = 1298CAFE2BF7B100004FA015 /* XCRemoteSwiftPackageReference "firebase-ios-sdk" */;
			productName = FirebaseAnalytics;
		};
		1298CB012BF7B100004FA015 /* FirebaseAnalyticsWithoutAdIdSupport */ = {
			isa = XCSwiftPackageProductDependency;
			package = 1298CAFE2BF7B100004FA015 /* XCRemoteSwiftPackageReference "firebase-ios-sdk" */;
			productName = FirebaseAnalyticsWithoutAdIdSupport;
		};
		1298CB052BF7B517004FA015 /* FirebaseAuth */ = {
			isa = XCSwiftPackageProductDependency;
			package = 1298CAFE2BF7B100004FA015 /* XCRemoteSwiftPackageReference "firebase-ios-sdk" */;
			productName = FirebaseAuth;
		};
		9DF67BF82C0C312E003E0A5C /* FirebaseAnalytics */ = {
			isa = XCSwiftPackageProductDependency;
			package = 1298CAFE2BF7B100004FA015 /* XCRemoteSwiftPackageReference "firebase-ios-sdk" */;
			productName = FirebaseAnalytics;
		};
		9DF67BFA2C0C312E003E0A5C /* FirebaseAnalyticsOnDeviceConversion */ = {
			isa = XCSwiftPackageProductDependency;
			package = 1298CAFE2BF7B100004FA015 /* XCRemoteSwiftPackageReference "firebase-ios-sdk" */;
			productName = FirebaseAnalyticsOnDeviceConversion;
		};
		9DF67BFC2C0C312E003E0A5C /* FirebaseAnalyticsSwift */ = {
			isa = XCSwiftPackageProductDependency;
			package = 1298CAFE2BF7B100004FA015 /* XCRemoteSwiftPackageReference "firebase-ios-sdk" */;
			productName = FirebaseAnalyticsSwift;
		};
		9DF67BFE2C0C312E003E0A5C /* FirebaseAnalyticsWithoutAdIdSupport */ = {
			isa = XCSwiftPackageProductDependency;
			package = 1298CAFE2BF7B100004FA015 /* XCRemoteSwiftPackageReference "firebase-ios-sdk" */;
			productName = FirebaseAnalyticsWithoutAdIdSupport;
		};
		9DF67C002C0C312E003E0A5C /* FirebaseAppCheck */ = {
			isa = XCSwiftPackageProductDependency;
			package = 1298CAFE2BF7B100004FA015 /* XCRemoteSwiftPackageReference "firebase-ios-sdk" */;
			productName = FirebaseAppCheck;
		};
		9DF67C022C0C312E003E0A5C /* FirebaseAppDistribution-Beta */ = {
			isa = XCSwiftPackageProductDependency;
			package = 1298CAFE2BF7B100004FA015 /* XCRemoteSwiftPackageReference "firebase-ios-sdk" */;
			productName = "FirebaseAppDistribution-Beta";
		};
		9DF67C042C0C312E003E0A5C /* FirebaseAuth */ = {
			isa = XCSwiftPackageProductDependency;
			package = 1298CAFE2BF7B100004FA015 /* XCRemoteSwiftPackageReference "firebase-ios-sdk" */;
			productName = FirebaseAuth;
		};
		9DF67C062C0C312E003E0A5C /* FirebaseAuthCombine-Community */ = {
			isa = XCSwiftPackageProductDependency;
			package = 1298CAFE2BF7B100004FA015 /* XCRemoteSwiftPackageReference "firebase-ios-sdk" */;
			productName = "FirebaseAuthCombine-Community";
		};
		9DF67C082C0C312E003E0A5C /* FirebaseCrashlytics */ = {
			isa = XCSwiftPackageProductDependency;
			package = 1298CAFE2BF7B100004FA015 /* XCRemoteSwiftPackageReference "firebase-ios-sdk" */;
			productName = FirebaseCrashlytics;
		};
		9DF67C0A2C0C312E003E0A5C /* FirebaseDatabase */ = {
			isa = XCSwiftPackageProductDependency;
			package = 1298CAFE2BF7B100004FA015 /* XCRemoteSwiftPackageReference "firebase-ios-sdk" */;
			productName = FirebaseDatabase;
		};
		9DF67C0C2C0C312E003E0A5C /* FirebaseDatabaseSwift */ = {
			isa = XCSwiftPackageProductDependency;
			package = 1298CAFE2BF7B100004FA015 /* XCRemoteSwiftPackageReference "firebase-ios-sdk" */;
			productName = FirebaseDatabaseSwift;
		};
		9DF67C0E2C0C312E003E0A5C /* FirebaseDynamicLinks */ = {
			isa = XCSwiftPackageProductDependency;
			package = 1298CAFE2BF7B100004FA015 /* XCRemoteSwiftPackageReference "firebase-ios-sdk" */;
			productName = FirebaseDynamicLinks;
		};
		9DF67C102C0C312E003E0A5C /* FirebaseFirestore */ = {
			isa = XCSwiftPackageProductDependency;
			package = 1298CAFE2BF7B100004FA015 /* XCRemoteSwiftPackageReference "firebase-ios-sdk" */;
			productName = FirebaseFirestore;
		};
		9DF67C122C0C312E003E0A5C /* FirebaseFirestoreCombine-Community */ = {
			isa = XCSwiftPackageProductDependency;
			package = 1298CAFE2BF7B100004FA015 /* XCRemoteSwiftPackageReference "firebase-ios-sdk" */;
			productName = "FirebaseFirestoreCombine-Community";
		};
		9DF67C142C0C312E003E0A5C /* FirebaseFirestoreSwift */ = {
			isa = XCSwiftPackageProductDependency;
			package = 1298CAFE2BF7B100004FA015 /* XCRemoteSwiftPackageReference "firebase-ios-sdk" */;
			productName = FirebaseFirestoreSwift;
		};
		9DF67C162C0C312E003E0A5C /* FirebaseFunctions */ = {
			isa = XCSwiftPackageProductDependency;
			package = 1298CAFE2BF7B100004FA015 /* XCRemoteSwiftPackageReference "firebase-ios-sdk" */;
			productName = FirebaseFunctions;
		};
		9DF67C182C0C312E003E0A5C /* FirebaseFunctionsCombine-Community */ = {
			isa = XCSwiftPackageProductDependency;
			package = 1298CAFE2BF7B100004FA015 /* XCRemoteSwiftPackageReference "firebase-ios-sdk" */;
			productName = "FirebaseFunctionsCombine-Community";
		};
		9DF67C1A2C0C312E003E0A5C /* FirebaseInAppMessaging-Beta */ = {
			isa = XCSwiftPackageProductDependency;
			package = 1298CAFE2BF7B100004FA015 /* XCRemoteSwiftPackageReference "firebase-ios-sdk" */;
			productName = "FirebaseInAppMessaging-Beta";
		};
		9DF67C1C2C0C312E003E0A5C /* FirebaseInAppMessagingSwift-Beta */ = {
			isa = XCSwiftPackageProductDependency;
			package = 1298CAFE2BF7B100004FA015 /* XCRemoteSwiftPackageReference "firebase-ios-sdk" */;
			productName = "FirebaseInAppMessagingSwift-Beta";
		};
		9DF67C1E2C0C312E003E0A5C /* FirebaseInstallations */ = {
			isa = XCSwiftPackageProductDependency;
			package = 1298CAFE2BF7B100004FA015 /* XCRemoteSwiftPackageReference "firebase-ios-sdk" */;
			productName = FirebaseInstallations;
		};
		9DF67C202C0C312E003E0A5C /* FirebaseMLModelDownloader */ = {
			isa = XCSwiftPackageProductDependency;
			package = 1298CAFE2BF7B100004FA015 /* XCRemoteSwiftPackageReference "firebase-ios-sdk" */;
			productName = FirebaseMLModelDownloader;
		};
		9DF67C222C0C312E003E0A5C /* FirebaseMessaging */ = {
			isa = XCSwiftPackageProductDependency;
			package = 1298CAFE2BF7B100004FA015 /* XCRemoteSwiftPackageReference "firebase-ios-sdk" */;
			productName = FirebaseMessaging;
		};
		9DF67C242C0C312E003E0A5C /* FirebasePerformance */ = {
			isa = XCSwiftPackageProductDependency;
			package = 1298CAFE2BF7B100004FA015 /* XCRemoteSwiftPackageReference "firebase-ios-sdk" */;
			productName = FirebasePerformance;
		};
		9DF67C262C0C312E003E0A5C /* FirebaseRemoteConfig */ = {
			isa = XCSwiftPackageProductDependency;
			package = 1298CAFE2BF7B100004FA015 /* XCRemoteSwiftPackageReference "firebase-ios-sdk" */;
			productName = FirebaseRemoteConfig;
		};
		9DF67C282C0C312E003E0A5C /* FirebaseRemoteConfigSwift */ = {
			isa = XCSwiftPackageProductDependency;
			package = 1298CAFE2BF7B100004FA015 /* XCRemoteSwiftPackageReference "firebase-ios-sdk" */;
			productName = FirebaseRemoteConfigSwift;
		};
		9DF67C2A2C0C312E003E0A5C /* FirebaseStorage */ = {
			isa = XCSwiftPackageProductDependency;
			package = 1298CAFE2BF7B100004FA015 /* XCRemoteSwiftPackageReference "firebase-ios-sdk" */;
			productName = FirebaseStorage;
		};
		9DF67C2C2C0C312E003E0A5C /* FirebaseStorageCombine-Community */ = {
			isa = XCSwiftPackageProductDependency;
			package = 1298CAFE2BF7B100004FA015 /* XCRemoteSwiftPackageReference "firebase-ios-sdk" */;
			productName = "FirebaseStorageCombine-Community";
		};
		9DF67C2E2C0C312E003E0A5C /* FirebaseVertexAI-Preview */ = {
			isa = XCSwiftPackageProductDependency;
			package = 1298CAFE2BF7B100004FA015 /* XCRemoteSwiftPackageReference "firebase-ios-sdk" */;
			productName = "FirebaseVertexAI-Preview";
		};
/* End XCSwiftPackageProductDependency section */
	};
	rootObject = 1298CAD12BF743A6004FA015 /* Project object */;
}
